
Microsoft Visual Studio Solution File, Format Version 12.00
# Visual Studio Version 17
VisualStudioVersion = 17.6.33829.357
MinimumVisualStudioVersion = 10.0.40219.1
Project("{FAE04EC0-301F-11D3-BF4B-00C04F79EFBC}") = "WebApi", "WebApi\WebApi.csproj", "{071046BB-0844-4EB4-9606-3601229FFE58}"
EndProject
Project("{FAE04EC0-301F-11D3-BF4B-00C04F79EFBC}") = "Nuta_Emilia_Lab11", "Nuta_Emilia_Lab11\Nuta_Emilia_Lab11.csproj", "{7CB24BD3-B29E-4F33-BF3A-E7EEA2851FC7}"
EndProject
Global
	GlobalSection(SolutionConfigurationPlatforms) = preSolution
		Debug|Any CPU = Debug|Any CPU
		Release|Any CPU = Release|Any CPU
	EndGlobalSection
	GlobalSection(ProjectConfigurationPlatforms) = postSolution
		{071046BB-0844-4EB4-9606-3601229FFE58}.Debug|Any CPU.ActiveCfg = Debug|Any CPU
		{071046BB-0844-4EB4-9606-3601229FFE58}.Debug|Any CPU.Build.0 = Debug|Any CPU
		{071046BB-0844-4EB4-9606-3601229FFE58}.Release|Any CPU.ActiveCfg = Release|Any CPU
		{071046BB-0844-4EB4-9606-3601229FFE58}.Release|Any CPU.Build.0 = Release|Any CPU
		{7CB24BD3-B29E-4F33-BF3A-E7EEA2851FC7}.Debug|Any CPU.ActiveCfg = Debug|Any CPU
		{7CB24BD3-B29E-4F33-BF3A-E7EEA2851FC7}.Debug|Any CPU.Build.0 = Debug|Any CPU
		{7CB24BD3-B29E-4F33-BF3A-E7EEA2851FC7}.Debug|Any CPU.Deploy.0 = Debug|Any CPU
		{7CB24BD3-B29E-4F33-BF3A-E7EEA2851FC7}.Release|Any CPU.ActiveCfg = Release|Any CPU
		{7CB24BD3-B29E-4F33-BF3A-E7EEA2851FC7}.Release|Any CPU.Build.0 = Release|Any CPU
		{7CB24BD3-B29E-4F33-BF3A-E7EEA2851FC7}.Release|Any CPU.Deploy.0 = Release|Any CPU
	EndGlobalSection
	GlobalSection(SolutionProperties) = preSolution
		HideSolutionNode = FALSE
	EndGlobalSection
	GlobalSection(ExtensibilityGlobals) = postSolution
		SolutionGuid = {0E91B305-8256-44DD-822F-623312C24645}
	EndGlobalSection
EndGlobal
